
Microsoft Visual Studio Solution File, Format Version 12.00
# Visual Studio 2012
Project("{FAE04EC0-301F-11D3-BF4B-00C04F79EFBC}") = "Lab1_4HemligaTalet", "Lab1_4HemligaTalet\Lab1_4HemligaTalet.csproj", "{99A0C22D-8E84-4B63-89C8-626EB91EE360}"
EndProject
Global
	GlobalSection(SolutionConfigurationPlatforms) = preSolution
		Debug|Any CPU = Debug|Any CPU
		Release|Any CPU = Release|Any CPU
	EndGlobalSection
	GlobalSection(ProjectConfigurationPlatforms) = postSolution
		{99A0C22D-8E84-4B63-89C8-626EB91EE360}.Debug|Any CPU.ActiveCfg = Debug|Any CPU
		{99A0C22D-8E84-4B63-89C8-626EB91EE360}.Debug|Any CPU.Build.0 = Debug|Any CPU
		{99A0C22D-8E84-4B63-89C8-626EB91EE360}.Release|Any CPU.ActiveCfg = Release|Any CPU
		{99A0C22D-8E84-4B63-89C8-626EB91EE360}.Release|Any CPU.Build.0 = Release|Any CPU
	EndGlobalSection
	GlobalSection(SolutionProperties) = preSolution
		HideSolutionNode = FALSE
	EndGlobalSection
EndGlobal
